// !$*UTF8*$!
{
	archiveVersion = 1;
	classes = {
	};
	objectVersion = 56;
	objects = {

/* Begin PBXBuildFile section */
		1214D67A2923BC85001DC5CD /* Cake.swift in Sources */ = {isa = PBXBuildFile; fileRef = 1214D6792923BC85001DC5CD /* Cake.swift */; };
		1214D67C2923BD32001DC5CD /* CakeTests.swift in Sources */ = {isa = PBXBuildFile; fileRef = 1214D67B2923BD32001DC5CD /* CakeTests.swift */; };
		124193FF2920F34B004FF907 /* LinkedInUserTests.swift in Sources */ = {isa = PBXBuildFile; fileRef = 124193FE2920F34B004FF907 /* LinkedInUserTests.swift */; };
		124194012922659A004FF907 /* House.swift in Sources */ = {isa = PBXBuildFile; fileRef = 124194002922659A004FF907 /* House.swift */; };
		12419403292266D6004FF907 /* HouseTests.swift in Sources */ = {isa = PBXBuildFile; fileRef = 12419402292266D6004FF907 /* HouseTests.swift */; };
		125D7B3F2913E73600AA25FC /* Converter.swift in Sources */ = {isa = PBXBuildFile; fileRef = 125D7B3E2913E73600AA25FC /* Converter.swift */; };
		125D7B412913E79F00AA25FC /* ConverterTests.swift in Sources */ = {isa = PBXBuildFile; fileRef = 125D7B402913E79F00AA25FC /* ConverterTests.swift */; };
		127590492912BD7300FB1E75 /* AppDelegate.swift in Sources */ = {isa = PBXBuildFile; fileRef = 127590482912BD7300FB1E75 /* AppDelegate.swift */; };
		1275904B2912BD7300FB1E75 /* SceneDelegate.swift in Sources */ = {isa = PBXBuildFile; fileRef = 1275904A2912BD7300FB1E75 /* SceneDelegate.swift */; };
		1275904D2912BD7300FB1E75 /* ViewController.swift in Sources */ = {isa = PBXBuildFile; fileRef = 1275904C2912BD7300FB1E75 /* ViewController.swift */; };
		127590502912BD7300FB1E75 /* Main.storyboard in Resources */ = {isa = PBXBuildFile; fileRef = 1275904E2912BD7300FB1E75 /* Main.storyboard */; };
		127590522912BD7400FB1E75 /* Assets.xcassets in Resources */ = {isa = PBXBuildFile; fileRef = 127590512912BD7400FB1E75 /* Assets.xcassets */; };
		127590552912BD7400FB1E75 /* LaunchScreen.storyboard in Resources */ = {isa = PBXBuildFile; fileRef = 127590532912BD7400FB1E75 /* LaunchScreen.storyboard */; };
		127590602912BD7400FB1E75 /* FirstTests.swift in Sources */ = {isa = PBXBuildFile; fileRef = 1275905F2912BD7400FB1E75 /* FirstTests.swift */; };
		1275906A2912BD7400FB1E75 /* FirstUITests.swift in Sources */ = {isa = PBXBuildFile; fileRef = 127590692912BD7400FB1E75 /* FirstUITests.swift */; };
		1275906C2912BD7400FB1E75 /* FirstUITestsLaunchTests.swift in Sources */ = {isa = PBXBuildFile; fileRef = 1275906B2912BD7400FB1E75 /* FirstUITestsLaunchTests.swift */; };
		127590792912BD9D00FB1E75 /* Hater.swift in Sources */ = {isa = PBXBuildFile; fileRef = 127590782912BD9D00FB1E75 /* Hater.swift */; };
		128EDC3A2915A76F002D5F7C /* LifeCycleTests.swift in Sources */ = {isa = PBXBuildFile; fileRef = 128EDC392915A76F002D5F7C /* LifeCycleTests.swift */; };
		12A9C98D2917E16B003625FB /* User.swift in Sources */ = {isa = PBXBuildFile; fileRef = 12A9C98C2917E16B003625FB /* User.swift */; };
		12A9C98F2917E344003625FB /* UserTests.swift in Sources */ = {isa = PBXBuildFile; fileRef = 12A9C98E2917E344003625FB /* UserTests.swift */; };
		12A9C995291AC9B7003625FB /* ThrowingTests.swift in Sources */ = {isa = PBXBuildFile; fileRef = 12A9C994291AC9B7003625FB /* ThrowingTests.swift */; };
		12A9C997291AD7C5003625FB /* ViewControllerTests.swift in Sources */ = {isa = PBXBuildFile; fileRef = 12A9C996291AD7C5003625FB /* ViewControllerTests.swift */; };
		12A9C99F291C17F3003625FB /* AsynchronousTests.swift in Sources */ = {isa = PBXBuildFile; fileRef = 12A9C99E291C17F3003625FB /* AsynchronousTests.swift */; };
		12A9C9A6291C1AB5003625FB /* PrimeCalculator.swift in Sources */ = {isa = PBXBuildFile; fileRef = 12A9C9A5291C1AB5003625FB /* PrimeCalculator.swift */; };
		12A9C9A9291C23A8003625FB /* PrimeCalculatorTests.swift in Sources */ = {isa = PBXBuildFile; fileRef = 12A9C9A7291C2344003625FB /* PrimeCalculatorTests.swift */; };
		12EB9A452925568800890830 /* App.swift in Sources */ = {isa = PBXBuildFile; fileRef = 12EB9A442925568800890830 /* App.swift */; };
		12EB9A472926C79E00890830 /* AppTests.swift in Sources */ = {isa = PBXBuildFile; fileRef = 12EB9A462926C79E00890830 /* AppTests.swift */; };
/* End PBXBuildFile section */

/* Begin PBXContainerItemProxy section */
		1275905C2912BD7400FB1E75 /* PBXContainerItemProxy */ = {
			isa = PBXContainerItemProxy;
			containerPortal = 1275903D2912BD7300FB1E75 /* Project object */;
			proxyType = 1;
			remoteGlobalIDString = 127590442912BD7300FB1E75;
			remoteInfo = First;
		};
		127590662912BD7400FB1E75 /* PBXContainerItemProxy */ = {
			isa = PBXContainerItemProxy;
			containerPortal = 1275903D2912BD7300FB1E75 /* Project object */;
			proxyType = 1;
			remoteGlobalIDString = 127590442912BD7300FB1E75;
			remoteInfo = First;
		};
		12A9C9A0291C17F3003625FB /* PBXContainerItemProxy */ = {
			isa = PBXContainerItemProxy;
			containerPortal = 1275903D2912BD7300FB1E75 /* Project object */;
			proxyType = 1;
			remoteGlobalIDString = 127590442912BD7300FB1E75;
			remoteInfo = First;
		};
/* End PBXContainerItemProxy section */

/* Begin PBXFileReference section */
		1214D6792923BC85001DC5CD /* Cake.swift */ = {isa = PBXFileReference; lastKnownFileType = sourcecode.swift; path = Cake.swift; sourceTree = "<group>"; };
		1214D67B2923BD32001DC5CD /* CakeTests.swift */ = {isa = PBXFileReference; lastKnownFileType = sourcecode.swift; path = CakeTests.swift; sourceTree = "<group>"; };
		124193FE2920F34B004FF907 /* LinkedInUserTests.swift */ = {isa = PBXFileReference; lastKnownFileType = sourcecode.swift; path = LinkedInUserTests.swift; sourceTree = "<group>"; };
		124194002922659A004FF907 /* House.swift */ = {isa = PBXFileReference; lastKnownFileType = sourcecode.swift; path = House.swift; sourceTree = "<group>"; };
		12419402292266D6004FF907 /* HouseTests.swift */ = {isa = PBXFileReference; lastKnownFileType = sourcecode.swift; path = HouseTests.swift; sourceTree = "<group>"; };
		125D7B3E2913E73600AA25FC /* Converter.swift */ = {isa = PBXFileReference; lastKnownFileType = sourcecode.swift; path = Converter.swift; sourceTree = "<group>"; };
		125D7B402913E79F00AA25FC /* ConverterTests.swift */ = {isa = PBXFileReference; lastKnownFileType = sourcecode.swift; path = ConverterTests.swift; sourceTree = "<group>"; };
		127590452912BD7300FB1E75 /* First.app */ = {isa = PBXFileReference; explicitFileType = wrapper.application; includeInIndex = 0; path = First.app; sourceTree = BUILT_PRODUCTS_DIR; };
		127590482912BD7300FB1E75 /* AppDelegate.swift */ = {isa = PBXFileReference; lastKnownFileType = sourcecode.swift; path = AppDelegate.swift; sourceTree = "<group>"; };
		1275904A2912BD7300FB1E75 /* SceneDelegate.swift */ = {isa = PBXFileReference; lastKnownFileType = sourcecode.swift; path = SceneDelegate.swift; sourceTree = "<group>"; };
		1275904C2912BD7300FB1E75 /* ViewController.swift */ = {isa = PBXFileReference; lastKnownFileType = sourcecode.swift; path = ViewController.swift; sourceTree = "<group>"; };
		1275904F2912BD7300FB1E75 /* Base */ = {isa = PBXFileReference; lastKnownFileType = file.storyboard; name = Base; path = Base.lproj/Main.storyboard; sourceTree = "<group>"; };
		127590512912BD7400FB1E75 /* Assets.xcassets */ = {isa = PBXFileReference; lastKnownFileType = folder.assetcatalog; path = Assets.xcassets; sourceTree = "<group>"; };
		127590542912BD7400FB1E75 /* Base */ = {isa = PBXFileReference; lastKnownFileType = file.storyboard; name = Base; path = Base.lproj/LaunchScreen.storyboard; sourceTree = "<group>"; };
		127590562912BD7400FB1E75 /* Info.plist */ = {isa = PBXFileReference; lastKnownFileType = text.plist.xml; path = Info.plist; sourceTree = "<group>"; };
		1275905B2912BD7400FB1E75 /* FirstTests.xctest */ = {isa = PBXFileReference; explicitFileType = wrapper.cfbundle; includeInIndex = 0; path = FirstTests.xctest; sourceTree = BUILT_PRODUCTS_DIR; };
		1275905F2912BD7400FB1E75 /* FirstTests.swift */ = {isa = PBXFileReference; lastKnownFileType = sourcecode.swift; path = FirstTests.swift; sourceTree = "<group>"; };
		127590652912BD7400FB1E75 /* FirstUITests.xctest */ = {isa = PBXFileReference; explicitFileType = wrapper.cfbundle; includeInIndex = 0; path = FirstUITests.xctest; sourceTree = BUILT_PRODUCTS_DIR; };
		127590692912BD7400FB1E75 /* FirstUITests.swift */ = {isa = PBXFileReference; lastKnownFileType = sourcecode.swift; path = FirstUITests.swift; sourceTree = "<group>"; };
		1275906B2912BD7400FB1E75 /* FirstUITestsLaunchTests.swift */ = {isa = PBXFileReference; lastKnownFileType = sourcecode.swift; path = FirstUITestsLaunchTests.swift; sourceTree = "<group>"; };
		127590782912BD9D00FB1E75 /* Hater.swift */ = {isa = PBXFileReference; lastKnownFileType = sourcecode.swift; path = Hater.swift; sourceTree = "<group>"; };
		128EDC392915A76F002D5F7C /* LifeCycleTests.swift */ = {isa = PBXFileReference; lastKnownFileType = sourcecode.swift; path = LifeCycleTests.swift; sourceTree = "<group>"; };
		12A9C98C2917E16B003625FB /* User.swift */ = {isa = PBXFileReference; lastKnownFileType = sourcecode.swift; path = User.swift; sourceTree = "<group>"; };
		12A9C98E2917E344003625FB /* UserTests.swift */ = {isa = PBXFileReference; lastKnownFileType = sourcecode.swift; path = UserTests.swift; sourceTree = "<group>"; };
		12A9C994291AC9B7003625FB /* ThrowingTests.swift */ = {isa = PBXFileReference; lastKnownFileType = sourcecode.swift; path = ThrowingTests.swift; sourceTree = "<group>"; };
		12A9C996291AD7C5003625FB /* ViewControllerTests.swift */ = {isa = PBXFileReference; lastKnownFileType = sourcecode.swift; path = ViewControllerTests.swift; sourceTree = "<group>"; };
		12A9C99C291C17F3003625FB /* AsynchronousTests.xctest */ = {isa = PBXFileReference; explicitFileType = wrapper.cfbundle; includeInIndex = 0; path = AsynchronousTests.xctest; sourceTree = BUILT_PRODUCTS_DIR; };
		12A9C99E291C17F3003625FB /* AsynchronousTests.swift */ = {isa = PBXFileReference; lastKnownFileType = sourcecode.swift; path = AsynchronousTests.swift; sourceTree = "<group>"; };
		12A9C9A5291C1AB5003625FB /* PrimeCalculator.swift */ = {isa = PBXFileReference; lastKnownFileType = sourcecode.swift; path = PrimeCalculator.swift; sourceTree = "<group>"; };
		12A9C9A7291C2344003625FB /* PrimeCalculatorTests.swift */ = {isa = PBXFileReference; lastKnownFileType = sourcecode.swift; path = PrimeCalculatorTests.swift; sourceTree = "<group>"; };
		12EB9A442925568800890830 /* App.swift */ = {isa = PBXFileReference; lastKnownFileType = sourcecode.swift; path = App.swift; sourceTree = "<group>"; };
		12EB9A462926C79E00890830 /* AppTests.swift */ = {isa = PBXFileReference; lastKnownFileType = sourcecode.swift; path = AppTests.swift; sourceTree = "<group>"; };
/* End PBXFileReference section */

/* Begin PBXFrameworksBuildPhase section */
		127590422912BD7300FB1E75 /* Frameworks */ = {
			isa = PBXFrameworksBuildPhase;
			buildActionMask = 2147483647;
			files = (
			);
			runOnlyForDeploymentPostprocessing = 0;
		};
		127590582912BD7400FB1E75 /* Frameworks */ = {
			isa = PBXFrameworksBuildPhase;
			buildActionMask = 2147483647;
			files = (
			);
			runOnlyForDeploymentPostprocessing = 0;
		};
		127590622912BD7400FB1E75 /* Frameworks */ = {
			isa = PBXFrameworksBuildPhase;
			buildActionMask = 2147483647;
			files = (
			);
			runOnlyForDeploymentPostprocessing = 0;
		};
		12A9C999291C17F3003625FB /* Frameworks */ = {
			isa = PBXFrameworksBuildPhase;
			buildActionMask = 2147483647;
			files = (
			);
			runOnlyForDeploymentPostprocessing = 0;
		};
/* End PBXFrameworksBuildPhase section */

/* Begin PBXGroup section */
		1275903C2912BD7300FB1E75 = {
			isa = PBXGroup;
			children = (
				127590472912BD7300FB1E75 /* First */,
				1275905E2912BD7400FB1E75 /* FirstTests */,
				127590682912BD7400FB1E75 /* FirstUITests */,
				12A9C99D291C17F3003625FB /* AsynchronousTests */,
				127590462912BD7300FB1E75 /* Products */,
			);
			sourceTree = "<group>";
		};
		127590462912BD7300FB1E75 /* Products */ = {
			isa = PBXGroup;
			children = (
				127590452912BD7300FB1E75 /* First.app */,
				1275905B2912BD7400FB1E75 /* FirstTests.xctest */,
				127590652912BD7400FB1E75 /* FirstUITests.xctest */,
				12A9C99C291C17F3003625FB /* AsynchronousTests.xctest */,
			);
			name = Products;
			sourceTree = "<group>";
		};
		127590472912BD7300FB1E75 /* First */ = {
			isa = PBXGroup;
			children = (
				127590482912BD7300FB1E75 /* AppDelegate.swift */,
				1275904A2912BD7300FB1E75 /* SceneDelegate.swift */,
				1275904C2912BD7300FB1E75 /* ViewController.swift */,
				1275904E2912BD7300FB1E75 /* Main.storyboard */,
				127590512912BD7400FB1E75 /* Assets.xcassets */,
				127590532912BD7400FB1E75 /* LaunchScreen.storyboard */,
				127590562912BD7400FB1E75 /* Info.plist */,
				12EB9A442925568800890830 /* App.swift */,
				127590782912BD9D00FB1E75 /* Hater.swift */,
				125D7B3E2913E73600AA25FC /* Converter.swift */,
				12A9C98C2917E16B003625FB /* User.swift */,
				12A9C9A5291C1AB5003625FB /* PrimeCalculator.swift */,
				124194002922659A004FF907 /* House.swift */,
				1214D6792923BC85001DC5CD /* Cake.swift */,
			);
			path = First;
			sourceTree = "<group>";
		};
		1275905E2912BD7400FB1E75 /* FirstTests */ = {
			isa = PBXGroup;
			children = (
				1275905F2912BD7400FB1E75 /* FirstTests.swift */,
				125D7B402913E79F00AA25FC /* ConverterTests.swift */,
				12A9C98E2917E344003625FB /* UserTests.swift */,
				128EDC392915A76F002D5F7C /* LifeCycleTests.swift */,
				12A9C994291AC9B7003625FB /* ThrowingTests.swift */,
				12A9C996291AD7C5003625FB /* ViewControllerTests.swift */,
				12419402292266D6004FF907 /* HouseTests.swift */,
				1214D67B2923BD32001DC5CD /* CakeTests.swift */,
				12EB9A462926C79E00890830 /* AppTests.swift */,
			);
			path = FirstTests;
			sourceTree = "<group>";
		};
		127590682912BD7400FB1E75 /* FirstUITests */ = {
			isa = PBXGroup;
			children = (
				127590692912BD7400FB1E75 /* FirstUITests.swift */,
				1275906B2912BD7400FB1E75 /* FirstUITestsLaunchTests.swift */,
			);
			path = FirstUITests;
			sourceTree = "<group>";
		};
		12A9C99D291C17F3003625FB /* AsynchronousTests */ = {
			isa = PBXGroup;
			children = (
				12A9C99E291C17F3003625FB /* AsynchronousTests.swift */,
				12A9C9A7291C2344003625FB /* PrimeCalculatorTests.swift */,
				124193FE2920F34B004FF907 /* LinkedInUserTests.swift */,
			);
			path = AsynchronousTests;
			sourceTree = "<group>";
		};
/* End PBXGroup section */

/* Begin PBXNativeTarget section */
		127590442912BD7300FB1E75 /* First */ = {
			isa = PBXNativeTarget;
			buildConfigurationList = 1275906F2912BD7400FB1E75 /* Build configuration list for PBXNativeTarget "First" */;
			buildPhases = (
				127590412912BD7300FB1E75 /* Sources */,
				127590422912BD7300FB1E75 /* Frameworks */,
				127590432912BD7300FB1E75 /* Resources */,
			);
			buildRules = (
			);
			dependencies = (
			);
			name = First;
			productName = First;
			productReference = 127590452912BD7300FB1E75 /* First.app */;
			productType = "com.apple.product-type.application";
		};
		1275905A2912BD7400FB1E75 /* FirstTests */ = {
			isa = PBXNativeTarget;
			buildConfigurationList = 127590722912BD7400FB1E75 /* Build configuration list for PBXNativeTarget "FirstTests" */;
			buildPhases = (
				127590572912BD7400FB1E75 /* Sources */,
				127590582912BD7400FB1E75 /* Frameworks */,
				127590592912BD7400FB1E75 /* Resources */,
			);
			buildRules = (
			);
			dependencies = (
				1275905D2912BD7400FB1E75 /* PBXTargetDependency */,
			);
			name = FirstTests;
			productName = FirstTests;
			productReference = 1275905B2912BD7400FB1E75 /* FirstTests.xctest */;
			productType = "com.apple.product-type.bundle.unit-test";
		};
		127590642912BD7400FB1E75 /* FirstUITests */ = {
			isa = PBXNativeTarget;
			buildConfigurationList = 127590752912BD7400FB1E75 /* Build configuration list for PBXNativeTarget "FirstUITests" */;
			buildPhases = (
				127590612912BD7400FB1E75 /* Sources */,
				127590622912BD7400FB1E75 /* Frameworks */,
				127590632912BD7400FB1E75 /* Resources */,
			);
			buildRules = (
			);
			dependencies = (
				127590672912BD7400FB1E75 /* PBXTargetDependency */,
			);
			name = FirstUITests;
			productName = FirstUITests;
			productReference = 127590652912BD7400FB1E75 /* FirstUITests.xctest */;
			productType = "com.apple.product-type.bundle.ui-testing";
		};
		12A9C99B291C17F3003625FB /* AsynchronousTests */ = {
			isa = PBXNativeTarget;
			buildConfigurationList = 12A9C9A4291C17F3003625FB /* Build configuration list for PBXNativeTarget "AsynchronousTests" */;
			buildPhases = (
				12A9C998291C17F3003625FB /* Sources */,
				12A9C999291C17F3003625FB /* Frameworks */,
				12A9C99A291C17F3003625FB /* Resources */,
			);
			buildRules = (
			);
			dependencies = (
				12A9C9A1291C17F3003625FB /* PBXTargetDependency */,
			);
			name = AsynchronousTests;
			productName = AsynchronousTests;
			productReference = 12A9C99C291C17F3003625FB /* AsynchronousTests.xctest */;
			productType = "com.apple.product-type.bundle.unit-test";
		};
/* End PBXNativeTarget section */

/* Begin PBXProject section */
		1275903D2912BD7300FB1E75 /* Project object */ = {
			isa = PBXProject;
			attributes = {
				BuildIndependentTargetsInParallel = 1;
				LastSwiftUpdateCheck = 1410;
				LastUpgradeCheck = 1400;
				TargetAttributes = {
					127590442912BD7300FB1E75 = {
						CreatedOnToolsVersion = 14.0.1;
					};
					1275905A2912BD7400FB1E75 = {
						CreatedOnToolsVersion = 14.0.1;
						TestTargetID = 127590442912BD7300FB1E75;
					};
					127590642912BD7400FB1E75 = {
						CreatedOnToolsVersion = 14.0.1;
						TestTargetID = 127590442912BD7300FB1E75;
					};
					12A9C99B291C17F3003625FB = {
						CreatedOnToolsVersion = 14.1;
						TestTargetID = 127590442912BD7300FB1E75;
					};
				};
			};
			buildConfigurationList = 127590402912BD7300FB1E75 /* Build configuration list for PBXProject "First" */;
			compatibilityVersion = "Xcode 14.0";
			developmentRegion = en;
			hasScannedForEncodings = 0;
			knownRegions = (
				en,
				Base,
			);
			mainGroup = 1275903C2912BD7300FB1E75;
			productRefGroup = 127590462912BD7300FB1E75 /* Products */;
			projectDirPath = "";
			projectRoot = "";
			targets = (
				127590442912BD7300FB1E75 /* First */,
				1275905A2912BD7400FB1E75 /* FirstTests */,
				127590642912BD7400FB1E75 /* FirstUITests */,
				12A9C99B291C17F3003625FB /* AsynchronousTests */,
			);
		};
/* End PBXProject section */

/* Begin PBXResourcesBuildPhase section */
		127590432912BD7300FB1E75 /* Resources */ = {
			isa = PBXResourcesBuildPhase;
			buildActionMask = 2147483647;
			files = (
				127590552912BD7400FB1E75 /* LaunchScreen.storyboard in Resources */,
				127590522912BD7400FB1E75 /* Assets.xcassets in Resources */,
				127590502912BD7300FB1E75 /* Main.storyboard in Resources */,
			);
			runOnlyForDeploymentPostprocessing = 0;
		};
		127590592912BD7400FB1E75 /* Resources */ = {
			isa = PBXResourcesBuildPhase;
			buildActionMask = 2147483647;
			files = (
			);
			runOnlyForDeploymentPostprocessing = 0;
		};
		127590632912BD7400FB1E75 /* Resources */ = {
			isa = PBXResourcesBuildPhase;
			buildActionMask = 2147483647;
			files = (
			);
			runOnlyForDeploymentPostprocessing = 0;
		};
		12A9C99A291C17F3003625FB /* Resources */ = {
			isa = PBXResourcesBuildPhase;
			buildActionMask = 2147483647;
			files = (
			);
			runOnlyForDeploymentPostprocessing = 0;
		};
/* End PBXResourcesBuildPhase section */

/* Begin PBXSourcesBuildPhase section */
		127590412912BD7300FB1E75 /* Sources */ = {
			isa = PBXSourcesBuildPhase;
			buildActionMask = 2147483647;
			files = (
				1275904D2912BD7300FB1E75 /* ViewController.swift in Sources */,
				1214D67A2923BC85001DC5CD /* Cake.swift in Sources */,
				127590492912BD7300FB1E75 /* AppDelegate.swift in Sources */,
				12EB9A452925568800890830 /* App.swift in Sources */,
				124194012922659A004FF907 /* House.swift in Sources */,
				12A9C98D2917E16B003625FB /* User.swift in Sources */,
				12A9C9A6291C1AB5003625FB /* PrimeCalculator.swift in Sources */,
				127590792912BD9D00FB1E75 /* Hater.swift in Sources */,
				1275904B2912BD7300FB1E75 /* SceneDelegate.swift in Sources */,
				125D7B3F2913E73600AA25FC /* Converter.swift in Sources */,
			);
			runOnlyForDeploymentPostprocessing = 0;
		};
		127590572912BD7400FB1E75 /* Sources */ = {
			isa = PBXSourcesBuildPhase;
			buildActionMask = 2147483647;
			files = (
				12A9C997291AD7C5003625FB /* ViewControllerTests.swift in Sources */,
				1214D67C2923BD32001DC5CD /* CakeTests.swift in Sources */,
				12A9C98F2917E344003625FB /* UserTests.swift in Sources */,
				12419403292266D6004FF907 /* HouseTests.swift in Sources */,
				12A9C995291AC9B7003625FB /* ThrowingTests.swift in Sources */,
				12EB9A472926C79E00890830 /* AppTests.swift in Sources */,
				125D7B412913E79F00AA25FC /* ConverterTests.swift in Sources */,
				127590602912BD7400FB1E75 /* FirstTests.swift in Sources */,
				128EDC3A2915A76F002D5F7C /* LifeCycleTests.swift in Sources */,
			);
			runOnlyForDeploymentPostprocessing = 0;
		};
		127590612912BD7400FB1E75 /* Sources */ = {
			isa = PBXSourcesBuildPhase;
			buildActionMask = 2147483647;
			files = (
				1275906A2912BD7400FB1E75 /* FirstUITests.swift in Sources */,
				1275906C2912BD7400FB1E75 /* FirstUITestsLaunchTests.swift in Sources */,
			);
			runOnlyForDeploymentPostprocessing = 0;
		};
		12A9C998291C17F3003625FB /* Sources */ = {
			isa = PBXSourcesBuildPhase;
			buildActionMask = 2147483647;
			files = (
				124193FF2920F34B004FF907 /* LinkedInUserTests.swift in Sources */,
				12A9C99F291C17F3003625FB /* AsynchronousTests.swift in Sources */,
				12A9C9A9291C23A8003625FB /* PrimeCalculatorTests.swift in Sources */,
			);
			runOnlyForDeploymentPostprocessing = 0;
		};
/* End PBXSourcesBuildPhase section */

/* Begin PBXTargetDependency section */
		1275905D2912BD7400FB1E75 /* PBXTargetDependency */ = {
			isa = PBXTargetDependency;
			target = 127590442912BD7300FB1E75 /* First */;
			targetProxy = 1275905C2912BD7400FB1E75 /* PBXContainerItemProxy */;
		};
		127590672912BD7400FB1E75 /* PBXTargetDependency */ = {
			isa = PBXTargetDependency;
			target = 127590442912BD7300FB1E75 /* First */;
			targetProxy = 127590662912BD7400FB1E75 /* PBXContainerItemProxy */;
		};
		12A9C9A1291C17F3003625FB /* PBXTargetDependency */ = {
			isa = PBXTargetDependency;
			target = 127590442912BD7300FB1E75 /* First */;
			targetProxy = 12A9C9A0291C17F3003625FB /* PBXContainerItemProxy */;
		};
/* End PBXTargetDependency section */

/* Begin PBXVariantGroup section */
		1275904E2912BD7300FB1E75 /* Main.storyboard */ = {
			isa = PBXVariantGroup;
			children = (
				1275904F2912BD7300FB1E75 /* Base */,
			);
			name = Main.storyboard;
			sourceTree = "<group>";
		};
		127590532912BD7400FB1E75 /* LaunchScreen.storyboard */ = {
			isa = PBXVariantGroup;
			children = (
				127590542912BD7400FB1E75 /* Base */,
			);
			name = LaunchScreen.storyboard;
			sourceTree = "<group>";
		};
/* End PBXVariantGroup section */

/* Begin XCBuildConfiguration section */
		1275906D2912BD7400FB1E75 /* Debug */ = {
			isa = XCBuildConfiguration;
			buildSettings = {
				ALWAYS_SEARCH_USER_PATHS = NO;
				CLANG_ANALYZER_NONNULL = YES;
				CLANG_ANALYZER_NUMBER_OBJECT_CONVERSION = YES_AGGRESSIVE;
				CLANG_CXX_LANGUAGE_STANDARD = "gnu++20";
				CLANG_ENABLE_MODULES = YES;
				CLANG_ENABLE_OBJC_ARC = YES;
				CLANG_ENABLE_OBJC_WEAK = YES;
				CLANG_WARN_BLOCK_CAPTURE_AUTORELEASING = YES;
				CLANG_WARN_BOOL_CONVERSION = YES;
				CLANG_WARN_COMMA = YES;
				CLANG_WARN_CONSTANT_CONVERSION = YES;
				CLANG_WARN_DEPRECATED_OBJC_IMPLEMENTATIONS = YES;
				CLANG_WARN_DIRECT_OBJC_ISA_USAGE = YES_ERROR;
				CLANG_WARN_DOCUMENTATION_COMMENTS = YES;
				CLANG_WARN_EMPTY_BODY = YES;
				CLANG_WARN_ENUM_CONVERSION = YES;
				CLANG_WARN_INFINITE_RECURSION = YES;
				CLANG_WARN_INT_CONVERSION = YES;
				CLANG_WARN_NON_LITERAL_NULL_CONVERSION = YES;
				CLANG_WARN_OBJC_IMPLICIT_RETAIN_SELF = YES;
				CLANG_WARN_OBJC_LITERAL_CONVERSION = YES;
				CLANG_WARN_OBJC_ROOT_CLASS = YES_ERROR;
				CLANG_WARN_QUOTED_INCLUDE_IN_FRAMEWORK_HEADER = YES;
				CLANG_WARN_RANGE_LOOP_ANALYSIS = YES;
				CLANG_WARN_STRICT_PROTOTYPES = YES;
				CLANG_WARN_SUSPICIOUS_MOVE = YES;
				CLANG_WARN_UNGUARDED_AVAILABILITY = YES_AGGRESSIVE;
				CLANG_WARN_UNREACHABLE_CODE = YES;
				CLANG_WARN__DUPLICATE_METHOD_MATCH = YES;
				COPY_PHASE_STRIP = NO;
				DEBUG_INFORMATION_FORMAT = dwarf;
				ENABLE_STRICT_OBJC_MSGSEND = YES;
				ENABLE_TESTABILITY = YES;
				GCC_C_LANGUAGE_STANDARD = gnu11;
				GCC_DYNAMIC_NO_PIC = NO;
				GCC_NO_COMMON_BLOCKS = YES;
				GCC_OPTIMIZATION_LEVEL = 0;
				GCC_PREPROCESSOR_DEFINITIONS = (
					"DEBUG=1",
					"$(inherited)",
				);
				GCC_WARN_64_TO_32_BIT_CONVERSION = YES;
				GCC_WARN_ABOUT_RETURN_TYPE = YES_ERROR;
				GCC_WARN_UNDECLARED_SELECTOR = YES;
				GCC_WARN_UNINITIALIZED_AUTOS = YES_AGGRESSIVE;
				GCC_WARN_UNUSED_FUNCTION = YES;
				GCC_WARN_UNUSED_VARIABLE = YES;
				IPHONEOS_DEPLOYMENT_TARGET = 16.0;
				MTL_ENABLE_DEBUG_INFO = INCLUDE_SOURCE;
				MTL_FAST_MATH = YES;
				ONLY_ACTIVE_ARCH = YES;
				SDKROOT = iphoneos;
				SWIFT_ACTIVE_COMPILATION_CONDITIONS = DEBUG;
				SWIFT_OPTIMIZATION_LEVEL = "-Onone";
			};
			name = Debug;
		};
		1275906E2912BD7400FB1E75 /* Release */ = {
			isa = XCBuildConfiguration;
			buildSettings = {
				ALWAYS_SEARCH_USER_PATHS = NO;
				CLANG_ANALYZER_NONNULL = YES;
				CLANG_ANALYZER_NUMBER_OBJECT_CONVERSION = YES_AGGRESSIVE;
				CLANG_CXX_LANGUAGE_STANDARD = "gnu++20";
				CLANG_ENABLE_MODULES = YES;
				CLANG_ENABLE_OBJC_ARC = YES;
				CLANG_ENABLE_OBJC_WEAK = YES;
				CLANG_WARN_BLOCK_CAPTURE_AUTORELEASING = YES;
				CLANG_WARN_BOOL_CONVERSION = YES;
				CLANG_WARN_COMMA = YES;
				CLANG_WARN_CONSTANT_CONVERSION = YES;
				CLANG_WARN_DEPRECATED_OBJC_IMPLEMENTATIONS = YES;
				CLANG_WARN_DIRECT_OBJC_ISA_USAGE = YES_ERROR;
				CLANG_WARN_DOCUMENTATION_COMMENTS = YES;
				CLANG_WARN_EMPTY_BODY = YES;
				CLANG_WARN_ENUM_CONVERSION = YES;
				CLANG_WARN_INFINITE_RECURSION = YES;
				CLANG_WARN_INT_CONVERSION = YES;
				CLANG_WARN_NON_LITERAL_NULL_CONVERSION = YES;
				CLANG_WARN_OBJC_IMPLICIT_RETAIN_SELF = YES;
				CLANG_WARN_OBJC_LITERAL_CONVERSION = YES;
				CLANG_WARN_OBJC_ROOT_CLASS = YES_ERROR;
				CLANG_WARN_QUOTED_INCLUDE_IN_FRAMEWORK_HEADER = YES;
				CLANG_WARN_RANGE_LOOP_ANALYSIS = YES;
				CLANG_WARN_STRICT_PROTOTYPES = YES;
				CLANG_WARN_SUSPICIOUS_MOVE = YES;
				CLANG_WARN_UNGUARDED_AVAILABILITY = YES_AGGRESSIVE;
				CLANG_WARN_UNREACHABLE_CODE = YES;
				CLANG_WARN__DUPLICATE_METHOD_MATCH = YES;
				COPY_PHASE_STRIP = NO;
				DEBUG_INFORMATION_FORMAT = "dwarf-with-dsym";
				ENABLE_NS_ASSERTIONS = NO;
				ENABLE_STRICT_OBJC_MSGSEND = YES;
				GCC_C_LANGUAGE_STANDARD = gnu11;
				GCC_NO_COMMON_BLOCKS = YES;
				GCC_WARN_64_TO_32_BIT_CONVERSION = YES;
				GCC_WARN_ABOUT_RETURN_TYPE = YES_ERROR;
				GCC_WARN_UNDECLARED_SELECTOR = YES;
				GCC_WARN_UNINITIALIZED_AUTOS = YES_AGGRESSIVE;
				GCC_WARN_UNUSED_FUNCTION = YES;
				GCC_WARN_UNUSED_VARIABLE = YES;
				IPHONEOS_DEPLOYMENT_TARGET = 16.0;
				MTL_ENABLE_DEBUG_INFO = NO;
				MTL_FAST_MATH = YES;
				SDKROOT = iphoneos;
				SWIFT_COMPILATION_MODE = wholemodule;
				SWIFT_OPTIMIZATION_LEVEL = "-O";
				VALIDATE_PRODUCT = YES;
			};
			name = Release;
		};
		127590702912BD7400FB1E75 /* Debug */ = {
			isa = XCBuildConfiguration;
			buildSettings = {
				ASSETCATALOG_COMPILER_APPICON_NAME = AppIcon;
				ASSETCATALOG_COMPILER_GLOBAL_ACCENT_COLOR_NAME = AccentColor;
				CODE_SIGN_STYLE = Automatic;
				CURRENT_PROJECT_VERSION = 1;
				DEVELOPMENT_TEAM = RPQ3VF2JBZ;
				GENERATE_INFOPLIST_FILE = YES;
				INFOPLIST_FILE = First/Info.plist;
				INFOPLIST_KEY_UIApplicationSupportsIndirectInputEvents = YES;
				INFOPLIST_KEY_UILaunchStoryboardName = LaunchScreen;
				INFOPLIST_KEY_UIMainStoryboardFile = Main;
				INFOPLIST_KEY_UISupportedInterfaceOrientations_iPad = "UIInterfaceOrientationPortrait UIInterfaceOrientationPortraitUpsideDown UIInterfaceOrientationLandscapeLeft UIInterfaceOrientationLandscapeRight";
				INFOPLIST_KEY_UISupportedInterfaceOrientations_iPhone = "UIInterfaceOrientationPortrait UIInterfaceOrientationLandscapeLeft UIInterfaceOrientationLandscapeRight";
				LD_RUNPATH_SEARCH_PATHS = (
					"$(inherited)",
					"@executable_path/Frameworks",
				);
				MARKETING_VERSION = 1.0;
				PRODUCT_BUNDLE_IDENTIFIER = com.mfsaglam.First;
				PRODUCT_NAME = "$(TARGET_NAME)";
				SWIFT_EMIT_LOC_STRINGS = YES;
				SWIFT_VERSION = 5.0;
				TARGETED_DEVICE_FAMILY = "1,2";
			};
			name = Debug;
		};
		127590712912BD7400FB1E75 /* Release */ = {
			isa = XCBuildConfiguration;
			buildSettings = {
				ASSETCATALOG_COMPILER_APPICON_NAME = AppIcon;
				ASSETCATALOG_COMPILER_GLOBAL_ACCENT_COLOR_NAME = AccentColor;
				CODE_SIGN_STYLE = Automatic;
				CURRENT_PROJECT_VERSION = 1;
				DEVELOPMENT_TEAM = RPQ3VF2JBZ;
				GENERATE_INFOPLIST_FILE = YES;
				INFOPLIST_FILE = First/Info.plist;
				INFOPLIST_KEY_UIApplicationSupportsIndirectInputEvents = YES;
				INFOPLIST_KEY_UILaunchStoryboardName = LaunchScreen;
				INFOPLIST_KEY_UIMainStoryboardFile = Main;
				INFOPLIST_KEY_UISupportedInterfaceOrientations_iPad = "UIInterfaceOrientationPortrait UIInterfaceOrientationPortraitUpsideDown UIInterfaceOrientationLandscapeLeft UIInterfaceOrientationLandscapeRight";
				INFOPLIST_KEY_UISupportedInterfaceOrientations_iPhone = "UIInterfaceOrientationPortrait UIInterfaceOrientationLandscapeLeft UIInterfaceOrientationLandscapeRight";
				LD_RUNPATH_SEARCH_PATHS = (
					"$(inherited)",
					"@executable_path/Frameworks",
				);
				MARKETING_VERSION = 1.0;
				PRODUCT_BUNDLE_IDENTIFIER = com.mfsaglam.First;
				PRODUCT_NAME = "$(TARGET_NAME)";
				SWIFT_EMIT_LOC_STRINGS = YES;
				SWIFT_VERSION = 5.0;
				TARGETED_DEVICE_FAMILY = "1,2";
			};
			name = Release;
		};
		127590732912BD7400FB1E75 /* Debug */ = {
			isa = XCBuildConfiguration;
			buildSettings = {
				ALWAYS_EMBED_SWIFT_STANDARD_LIBRARIES = YES;
				BUNDLE_LOADER = "$(TEST_HOST)";
				CODE_SIGN_STYLE = Automatic;
				CURRENT_PROJECT_VERSION = 1;
				DEVELOPMENT_TEAM = RPQ3VF2JBZ;
				GENERATE_INFOPLIST_FILE = YES;
				IPHONEOS_DEPLOYMENT_TARGET = 16.0;
				MARKETING_VERSION = 1.0;
				PRODUCT_BUNDLE_IDENTIFIER = com.mfsaglam.FirstTests;
				PRODUCT_NAME = "$(TARGET_NAME)";
				SWIFT_EMIT_LOC_STRINGS = NO;
				SWIFT_VERSION = 5.0;
				TARGETED_DEVICE_FAMILY = "1,2";
				TEST_HOST = "$(BUILT_PRODUCTS_DIR)/First.app/$(BUNDLE_EXECUTABLE_FOLDER_PATH)/First";
			};
			name = Debug;
		};
		127590742912BD7400FB1E75 /* Release */ = {
			isa = XCBuildConfiguration;
			buildSettings = {
				ALWAYS_EMBED_SWIFT_STANDARD_LIBRARIES = YES;
				BUNDLE_LOADER = "$(TEST_HOST)";
				CODE_SIGN_STYLE = Automatic;
				CURRENT_PROJECT_VERSION = 1;
				DEVELOPMENT_TEAM = RPQ3VF2JBZ;
				GENERATE_INFOPLIST_FILE = YES;
				IPHONEOS_DEPLOYMENT_TARGET = 16.0;
				MARKETING_VERSION = 1.0;
				PRODUCT_BUNDLE_IDENTIFIER = com.mfsaglam.FirstTests;
				PRODUCT_NAME = "$(TARGET_NAME)";
				SWIFT_EMIT_LOC_STRINGS = NO;
				SWIFT_VERSION = 5.0;
				TARGETED_DEVICE_FAMILY = "1,2";
				TEST_HOST = "$(BUILT_PRODUCTS_DIR)/First.app/$(BUNDLE_EXECUTABLE_FOLDER_PATH)/First";
			};
			name = Release;
		};
		127590762912BD7400FB1E75 /* Debug */ = {
			isa = XCBuildConfiguration;
			buildSettings = {
				ALWAYS_EMBED_SWIFT_STANDARD_LIBRARIES = YES;
				CODE_SIGN_STYLE = Automatic;
				CURRENT_PROJECT_VERSION = 1;
				DEVELOPMENT_TEAM = RPQ3VF2JBZ;
				GENERATE_INFOPLIST_FILE = YES;
				MARKETING_VERSION = 1.0;
				PRODUCT_BUNDLE_IDENTIFIER = com.mfsaglam.FirstUITests;
				PRODUCT_NAME = "$(TARGET_NAME)";
				SWIFT_EMIT_LOC_STRINGS = NO;
				SWIFT_VERSION = 5.0;
				TARGETED_DEVICE_FAMILY = "1,2";
				TEST_TARGET_NAME = First;
			};
			name = Debug;
		};
		127590772912BD7400FB1E75 /* Release */ = {
			isa = XCBuildConfiguration;
			buildSettings = {
				ALWAYS_EMBED_SWIFT_STANDARD_LIBRARIES = YES;
				CODE_SIGN_STYLE = Automatic;
				CURRENT_PROJECT_VERSION = 1;
				DEVELOPMENT_TEAM = RPQ3VF2JBZ;
				GENERATE_INFOPLIST_FILE = YES;
				MARKETING_VERSION = 1.0;
				PRODUCT_BUNDLE_IDENTIFIER = com.mfsaglam.FirstUITests;
				PRODUCT_NAME = "$(TARGET_NAME)";
				SWIFT_EMIT_LOC_STRINGS = NO;
				SWIFT_VERSION = 5.0;
				TARGETED_DEVICE_FAMILY = "1,2";
				TEST_TARGET_NAME = First;
			};
			name = Release;
		};
		12A9C9A2291C17F3003625FB /* Debug */ = {
			isa = XCBuildConfiguration;
			buildSettings = {
				BUNDLE_LOADER = "$(TEST_HOST)";
				CODE_SIGN_STYLE = Automatic;
				CURRENT_PROJECT_VERSION = 1;
				DEVELOPMENT_TEAM = RPQ3VF2JBZ;
				GENERATE_INFOPLIST_FILE = YES;
				IPHONEOS_DEPLOYMENT_TARGET = 16.1;
				MARKETING_VERSION = 1.0;
				PRODUCT_BUNDLE_IDENTIFIER = com.mfsaglam.AsynchronousTests;
				PRODUCT_NAME = "$(TARGET_NAME)";
				SWIFT_EMIT_LOC_STRINGS = NO;
				SWIFT_VERSION = 5.0;
				TARGETED_DEVICE_FAMILY = "1,2";
				TEST_HOST = "$(BUILT_PRODUCTS_DIR)/First.app/$(BUNDLE_EXECUTABLE_FOLDER_PATH)/First";
			};
			name = Debug;
		};
		12A9C9A3291C17F3003625FB /* Release */ = {
			isa = XCBuildConfiguration;
			buildSettings = {
				BUNDLE_LOADER = "$(TEST_HOST)";
				CODE_SIGN_STYLE = Automatic;
				CURRENT_PROJECT_VERSION = 1;
				DEVELOPMENT_TEAM = RPQ3VF2JBZ;
				GENERATE_INFOPLIST_FILE = YES;
				IPHONEOS_DEPLOYMENT_TARGET = 16.1;
				MARKETING_VERSION = 1.0;
				PRODUCT_BUNDLE_IDENTIFIER = com.mfsaglam.AsynchronousTests;
				PRODUCT_NAME = "$(TARGET_NAME)";
				SWIFT_EMIT_LOC_STRINGS = NO;
				SWIFT_VERSION = 5.0;
				TARGETED_DEVICE_FAMILY = "1,2";
				TEST_HOST = "$(BUILT_PRODUCTS_DIR)/First.app/$(BUNDLE_EXECUTABLE_FOLDER_PATH)/First";
			};
			name = Release;
		};
/* End XCBuildConfiguration section */

/* Begin XCConfigurationList section */
		127590402912BD7300FB1E75 /* Build configuration list for PBXProject "First" */ = {
			isa = XCConfigurationList;
			buildConfigurations = (
				1275906D2912BD7400FB1E75 /* Debug */,
				1275906E2912BD7400FB1E75 /* Release */,
			);
			defaultConfigurationIsVisible = 0;
			defaultConfigurationName = Release;
		};
		1275906F2912BD7400FB1E75 /* Build configuration list for PBXNativeTarget "First" */ = {
			isa = XCConfigurationList;
			buildConfigurations = (
				127590702912BD7400FB1E75 /* Debug */,
				127590712912BD7400FB1E75 /* Release */,
			);
			defaultConfigurationIsVisible = 0;
			defaultConfigurationName = Release;
		};
		127590722912BD7400FB1E75 /* Build configuration list for PBXNativeTarget "FirstTests" */ = {
			isa = XCConfigurationList;
			buildConfigurations = (
				127590732912BD7400FB1E75 /* Debug */,
				127590742912BD7400FB1E75 /* Release */,
			);
			defaultConfigurationIsVisible = 0;
			defaultConfigurationName = Release;
		};
		127590752912BD7400FB1E75 /* Build configuration list for PBXNativeTarget "FirstUITests" */ = {
			isa = XCConfigurationList;
			buildConfigurations = (
				127590762912BD7400FB1E75 /* Debug */,
				127590772912BD7400FB1E75 /* Release */,
			);
			defaultConfigurationIsVisible = 0;
			defaultConfigurationName = Release;
		};
		12A9C9A4291C17F3003625FB /* Build configuration list for PBXNativeTarget "AsynchronousTests" */ = {
			isa = XCConfigurationList;
			buildConfigurations = (
				12A9C9A2291C17F3003625FB /* Debug */,
				12A9C9A3291C17F3003625FB /* Release */,
			);
			defaultConfigurationIsVisible = 0;
			defaultConfigurationName = Release;
		};
/* End XCConfigurationList section */
	};
	rootObject = 1275903D2912BD7300FB1E75 /* Project object */;
}
