// !$*UTF8*$!
{
	archiveVersion = 1;
	classes = {
	};
	objectVersion = 56;
	objects = {

/* Begin PBXBuildFile section */
		12665A122922727A00F6DA14 /* AppDelegate.swift in Sources */ = {isa = PBXBuildFile; fileRef = 12665A112922727A00F6DA14 /* AppDelegate.swift */; };
		12665A142922727A00F6DA14 /* SceneDelegate.swift in Sources */ = {isa = PBXBuildFile; fileRef = 12665A132922727A00F6DA14 /* SceneDelegate.swift */; };
		12665A162922727A00F6DA14 /* ViewController.swift in Sources */ = {isa = PBXBuildFile; fileRef = 12665A152922727A00F6DA14 /* ViewController.swift */; };
		12665A192922727A00F6DA14 /* Main.storyboard in Resources */ = {isa = PBXBuildFile; fileRef = 12665A172922727A00F6DA14 /* Main.storyboard */; };
		12665A1B2922727B00F6DA14 /* Assets.xcassets in Resources */ = {isa = PBXBuildFile; fileRef = 12665A1A2922727B00F6DA14 /* Assets.xcassets */; };
		12665A1E2922727B00F6DA14 /* LaunchScreen.storyboard in Resources */ = {isa = PBXBuildFile; fileRef = 12665A1C2922727B00F6DA14 /* LaunchScreen.storyboard */; };
		12665A292922727B00F6DA14 /* SecondTests.swift in Sources */ = {isa = PBXBuildFile; fileRef = 12665A282922727B00F6DA14 /* SecondTests.swift */; };
		12665A332922727B00F6DA14 /* SecondUITests.swift in Sources */ = {isa = PBXBuildFile; fileRef = 12665A322922727B00F6DA14 /* SecondUITests.swift */; };
		12665A352922727B00F6DA14 /* SecondUITestsLaunchTests.swift in Sources */ = {isa = PBXBuildFile; fileRef = 12665A342922727B00F6DA14 /* SecondUITestsLaunchTests.swift */; };
/* End PBXBuildFile section */

/* Begin PBXContainerItemProxy section */
		12665A252922727B00F6DA14 /* PBXContainerItemProxy */ = {
			isa = PBXContainerItemProxy;
			containerPortal = 12665A062922727A00F6DA14 /* Project object */;
			proxyType = 1;
			remoteGlobalIDString = 12665A0D2922727A00F6DA14;
			remoteInfo = Second;
		};
		12665A2F2922727B00F6DA14 /* PBXContainerItemProxy */ = {
			isa = PBXContainerItemProxy;
			containerPortal = 12665A062922727A00F6DA14 /* Project object */;
			proxyType = 1;
			remoteGlobalIDString = 12665A0D2922727A00F6DA14;
			remoteInfo = Second;
		};
/* End PBXContainerItemProxy section */

/* Begin PBXFileReference section */
		12665A0E2922727A00F6DA14 /* Second.app */ = {isa = PBXFileReference; explicitFileType = wrapper.application; includeInIndex = 0; path = Second.app; sourceTree = BUILT_PRODUCTS_DIR; };
		12665A112922727A00F6DA14 /* AppDelegate.swift */ = {isa = PBXFileReference; lastKnownFileType = sourcecode.swift; path = AppDelegate.swift; sourceTree = "<group>"; };
		12665A132922727A00F6DA14 /* SceneDelegate.swift */ = {isa = PBXFileReference; lastKnownFileType = sourcecode.swift; path = SceneDelegate.swift; sourceTree = "<group>"; };
		12665A152922727A00F6DA14 /* ViewController.swift */ = {isa = PBXFileReference; lastKnownFileType = sourcecode.swift; path = ViewController.swift; sourceTree = "<group>"; };
		12665A182922727A00F6DA14 /* Base */ = {isa = PBXFileReference; lastKnownFileType = file.storyboard; name = Base; path = Base.lproj/Main.storyboard; sourceTree = "<group>"; };
		12665A1A2922727B00F6DA14 /* Assets.xcassets */ = {isa = PBXFileReference; lastKnownFileType = folder.assetcatalog; path = Assets.xcassets; sourceTree = "<group>"; };
		12665A1D2922727B00F6DA14 /* Base */ = {isa = PBXFileReference; lastKnownFileType = file.storyboard; name = Base; path = Base.lproj/LaunchScreen.storyboard; sourceTree = "<group>"; };
		12665A1F2922727B00F6DA14 /* Info.plist */ = {isa = PBXFileReference; lastKnownFileType = text.plist.xml; path = Info.plist; sourceTree = "<group>"; };
		12665A242922727B00F6DA14 /* SecondTests.xctest */ = {isa = PBXFileReference; explicitFileType = wrapper.cfbundle; includeInIndex = 0; path = SecondTests.xctest; sourceTree = BUILT_PRODUCTS_DIR; };
		12665A282922727B00F6DA14 /* SecondTests.swift */ = {isa = PBXFileReference; lastKnownFileType = sourcecode.swift; path = SecondTests.swift; sourceTree = "<group>"; };
		12665A2E2922727B00F6DA14 /* SecondUITests.xctest */ = {isa = PBXFileReference; explicitFileType = wrapper.cfbundle; includeInIndex = 0; path = SecondUITests.xctest; sourceTree = BUILT_PRODUCTS_DIR; };
		12665A322922727B00F6DA14 /* SecondUITests.swift */ = {isa = PBXFileReference; lastKnownFileType = sourcecode.swift; path = SecondUITests.swift; sourceTree = "<group>"; };
		12665A342922727B00F6DA14 /* SecondUITestsLaunchTests.swift */ = {isa = PBXFileReference; lastKnownFileType = sourcecode.swift; path = SecondUITestsLaunchTests.swift; sourceTree = "<group>"; };
/* End PBXFileReference section */

/* Begin PBXFrameworksBuildPhase section */
		12665A0B2922727A00F6DA14 /* Frameworks */ = {
			isa = PBXFrameworksBuildPhase;
			buildActionMask = 2147483647;
			files = (
			);
			runOnlyForDeploymentPostprocessing = 0;
		};
		12665A212922727B00F6DA14 /* Frameworks */ = {
			isa = PBXFrameworksBuildPhase;
			buildActionMask = 2147483647;
			files = (
			);
			runOnlyForDeploymentPostprocessing = 0;
		};
		12665A2B2922727B00F6DA14 /* Frameworks */ = {
			isa = PBXFrameworksBuildPhase;
			buildActionMask = 2147483647;
			files = (
			);
			runOnlyForDeploymentPostprocessing = 0;
		};
/* End PBXFrameworksBuildPhase section */

/* Begin PBXGroup section */
		12665A052922727A00F6DA14 = {
			isa = PBXGroup;
			children = (
				12665A102922727A00F6DA14 /* Second */,
				12665A272922727B00F6DA14 /* SecondTests */,
				12665A312922727B00F6DA14 /* SecondUITests */,
				12665A0F2922727A00F6DA14 /* Products */,
			);
			sourceTree = "<group>";
		};
		12665A0F2922727A00F6DA14 /* Products */ = {
			isa = PBXGroup;
			children = (
				12665A0E2922727A00F6DA14 /* Second.app */,
				12665A242922727B00F6DA14 /* SecondTests.xctest */,
				12665A2E2922727B00F6DA14 /* SecondUITests.xctest */,
			);
			name = Products;
			sourceTree = "<group>";
		};
		12665A102922727A00F6DA14 /* Second */ = {
			isa = PBXGroup;
			children = (
				12665A112922727A00F6DA14 /* AppDelegate.swift */,
				12665A132922727A00F6DA14 /* SceneDelegate.swift */,
				12665A152922727A00F6DA14 /* ViewController.swift */,
				12665A172922727A00F6DA14 /* Main.storyboard */,
				12665A1A2922727B00F6DA14 /* Assets.xcassets */,
				12665A1C2922727B00F6DA14 /* LaunchScreen.storyboard */,
				12665A1F2922727B00F6DA14 /* Info.plist */,
			);
			path = Second;
			sourceTree = "<group>";
		};
		12665A272922727B00F6DA14 /* SecondTests */ = {
			isa = PBXGroup;
			children = (
				12665A282922727B00F6DA14 /* SecondTests.swift */,
			);
			path = SecondTests;
			sourceTree = "<group>";
		};
		12665A312922727B00F6DA14 /* SecondUITests */ = {
			isa = PBXGroup;
			children = (
				12665A322922727B00F6DA14 /* SecondUITests.swift */,
				12665A342922727B00F6DA14 /* SecondUITestsLaunchTests.swift */,
			);
			path = SecondUITests;
			sourceTree = "<group>";
		};
/* End PBXGroup section */

/* Begin PBXNativeTarget section */
		12665A0D2922727A00F6DA14 /* Second */ = {
			isa = PBXNativeTarget;
			buildConfigurationList = 12665A382922727B00F6DA14 /* Build configuration list for PBXNativeTarget "Second" */;
			buildPhases = (
				12665A0A2922727A00F6DA14 /* Sources */,
				12665A0B2922727A00F6DA14 /* Frameworks */,
				12665A0C2922727A00F6DA14 /* Resources */,
			);
			buildRules = (
			);
			dependencies = (
			);
			name = Second;
			productName = Second;
			productReference = 12665A0E2922727A00F6DA14 /* Second.app */;
			productType = "com.apple.product-type.application";
		};
		12665A232922727B00F6DA14 /* SecondTests */ = {
			isa = PBXNativeTarget;
			buildConfigurationList = 12665A3B2922727B00F6DA14 /* Build configuration list for PBXNativeTarget "SecondTests" */;
			buildPhases = (
				12665A202922727B00F6DA14 /* Sources */,
				12665A212922727B00F6DA14 /* Frameworks */,
				12665A222922727B00F6DA14 /* Resources */,
			);
			buildRules = (
			);
			dependencies = (
				12665A262922727B00F6DA14 /* PBXTargetDependency */,
			);
			name = SecondTests;
			productName = SecondTests;
			productReference = 12665A242922727B00F6DA14 /* SecondTests.xctest */;
			productType = "com.apple.product-type.bundle.unit-test";
		};
		12665A2D2922727B00F6DA14 /* SecondUITests */ = {
			isa = PBXNativeTarget;
			buildConfigurationList = 12665A3E2922727B00F6DA14 /* Build configuration list for PBXNativeTarget "SecondUITests" */;
			buildPhases = (
				12665A2A2922727B00F6DA14 /* Sources */,
				12665A2B2922727B00F6DA14 /* Frameworks */,
				12665A2C2922727B00F6DA14 /* Resources */,
			);
			buildRules = (
			);
			dependencies = (
				12665A302922727B00F6DA14 /* PBXTargetDependency */,
			);
			name = SecondUITests;
			productName = SecondUITests;
			productReference = 12665A2E2922727B00F6DA14 /* SecondUITests.xctest */;
			productType = "com.apple.product-type.bundle.ui-testing";
		};
/* End PBXNativeTarget section */

/* Begin PBXProject section */
		12665A062922727A00F6DA14 /* Project object */ = {
			isa = PBXProject;
			attributes = {
				BuildIndependentTargetsInParallel = 1;
				LastSwiftUpdateCheck = 1410;
				LastUpgradeCheck = 1410;
				TargetAttributes = {
					12665A0D2922727A00F6DA14 = {
						CreatedOnToolsVersion = 14.1;
					};
					12665A232922727B00F6DA14 = {
						CreatedOnToolsVersion = 14.1;
						TestTargetID = 12665A0D2922727A00F6DA14;
					};
					12665A2D2922727B00F6DA14 = {
						CreatedOnToolsVersion = 14.1;
						TestTargetID = 12665A0D2922727A00F6DA14;
					};
				};
			};
			buildConfigurationList = 12665A092922727A00F6DA14 /* Build configuration list for PBXProject "Second" */;
			compatibilityVersion = "Xcode 14.0";
			developmentRegion = en;
			hasScannedForEncodings = 0;
			knownRegions = (
				en,
				Base,
			);
			mainGroup = 12665A052922727A00F6DA14;
			productRefGroup = 12665A0F2922727A00F6DA14 /* Products */;
			projectDirPath = "";
			projectRoot = "";
			targets = (
				12665A0D2922727A00F6DA14 /* Second */,
				12665A232922727B00F6DA14 /* SecondTests */,
				12665A2D2922727B00F6DA14 /* SecondUITests */,
			);
		};
/* End PBXProject section */

/* Begin PBXResourcesBuildPhase section */
		12665A0C2922727A00F6DA14 /* Resources */ = {
			isa = PBXResourcesBuildPhase;
			buildActionMask = 2147483647;
			files = (
				12665A1E2922727B00F6DA14 /* LaunchScreen.storyboard in Resources */,
				12665A1B2922727B00F6DA14 /* Assets.xcassets in Resources */,
				12665A192922727A00F6DA14 /* Main.storyboard in Resources */,
			);
			runOnlyForDeploymentPostprocessing = 0;
		};
		12665A222922727B00F6DA14 /* Resources */ = {
			isa = PBXResourcesBuildPhase;
			buildActionMask = 2147483647;
			files = (
			);
			runOnlyForDeploymentPostprocessing = 0;
		};
		12665A2C2922727B00F6DA14 /* Resources */ = {
			isa = PBXResourcesBuildPhase;
			buildActionMask = 2147483647;
			files = (
			);
			runOnlyForDeploymentPostprocessing = 0;
		};
/* End PBXResourcesBuildPhase section */

/* Begin PBXSourcesBuildPhase section */
		12665A0A2922727A00F6DA14 /* Sources */ = {
			isa = PBXSourcesBuildPhase;
			buildActionMask = 2147483647;
			files = (
				12665A162922727A00F6DA14 /* ViewController.swift in Sources */,
				12665A122922727A00F6DA14 /* AppDelegate.swift in Sources */,
				12665A142922727A00F6DA14 /* SceneDelegate.swift in Sources */,
			);
			runOnlyForDeploymentPostprocessing = 0;
		};
		12665A202922727B00F6DA14 /* Sources */ = {
			isa = PBXSourcesBuildPhase;
			buildActionMask = 2147483647;
			files = (
				12665A292922727B00F6DA14 /* SecondTests.swift in Sources */,
			);
			runOnlyForDeploymentPostprocessing = 0;
		};
		12665A2A2922727B00F6DA14 /* Sources */ = {
			isa = PBXSourcesBuildPhase;
			buildActionMask = 2147483647;
			files = (
				12665A352922727B00F6DA14 /* SecondUITestsLaunchTests.swift in Sources */,
				12665A332922727B00F6DA14 /* SecondUITests.swift in Sources */,
			);
			runOnlyForDeploymentPostprocessing = 0;
		};
/* End PBXSourcesBuildPhase section */

/* Begin PBXTargetDependency section */
		12665A262922727B00F6DA14 /* PBXTargetDependency */ = {
			isa = PBXTargetDependency;
			target = 12665A0D2922727A00F6DA14 /* Second */;
			targetProxy = 12665A252922727B00F6DA14 /* PBXContainerItemProxy */;
		};
		12665A302922727B00F6DA14 /* PBXTargetDependency */ = {
			isa = PBXTargetDependency;
			target = 12665A0D2922727A00F6DA14 /* Second */;
			targetProxy = 12665A2F2922727B00F6DA14 /* PBXContainerItemProxy */;
		};
/* End PBXTargetDependency section */

/* Begin PBXVariantGroup section */
		12665A172922727A00F6DA14 /* Main.storyboard */ = {
			isa = PBXVariantGroup;
			children = (
				12665A182922727A00F6DA14 /* Base */,
			);
			name = Main.storyboard;
			sourceTree = "<group>";
		};
		12665A1C2922727B00F6DA14 /* LaunchScreen.storyboard */ = {
			isa = PBXVariantGroup;
			children = (
				12665A1D2922727B00F6DA14 /* Base */,
			);
			name = LaunchScreen.storyboard;
			sourceTree = "<group>";
		};
/* End PBXVariantGroup section */

/* Begin XCBuildConfiguration section */
		12665A362922727B00F6DA14 /* Debug */ = {
			isa = XCBuildConfiguration;
			buildSettings = {
				ALWAYS_SEARCH_USER_PATHS = NO;
				CLANG_ANALYZER_NONNULL = YES;
				CLANG_ANALYZER_NUMBER_OBJECT_CONVERSION = YES_AGGRESSIVE;
				CLANG_CXX_LANGUAGE_STANDARD = "gnu++20";
				CLANG_ENABLE_MODULES = YES;
				CLANG_ENABLE_OBJC_ARC = YES;
				CLANG_ENABLE_OBJC_WEAK = YES;
				CLANG_WARN_BLOCK_CAPTURE_AUTORELEASING = YES;
				CLANG_WARN_BOOL_CONVERSION = YES;
				CLANG_WARN_COMMA = YES;
				CLANG_WARN_CONSTANT_CONVERSION = YES;
				CLANG_WARN_DEPRECATED_OBJC_IMPLEMENTATIONS = YES;
				CLANG_WARN_DIRECT_OBJC_ISA_USAGE = YES_ERROR;
				CLANG_WARN_DOCUMENTATION_COMMENTS = YES;
				CLANG_WARN_EMPTY_BODY = YES;
				CLANG_WARN_ENUM_CONVERSION = YES;
				CLANG_WARN_INFINITE_RECURSION = YES;
				CLANG_WARN_INT_CONVERSION = YES;
				CLANG_WARN_NON_LITERAL_NULL_CONVERSION = YES;
				CLANG_WARN_OBJC_IMPLICIT_RETAIN_SELF = YES;
				CLANG_WARN_OBJC_LITERAL_CONVERSION = YES;
				CLANG_WARN_OBJC_ROOT_CLASS = YES_ERROR;
				CLANG_WARN_QUOTED_INCLUDE_IN_FRAMEWORK_HEADER = YES;
				CLANG_WARN_RANGE_LOOP_ANALYSIS = YES;
				CLANG_WARN_STRICT_PROTOTYPES = YES;
				CLANG_WARN_SUSPICIOUS_MOVE = YES;
				CLANG_WARN_UNGUARDED_AVAILABILITY = YES_AGGRESSIVE;
				CLANG_WARN_UNREACHABLE_CODE = YES;
				CLANG_WARN__DUPLICATE_METHOD_MATCH = YES;
				COPY_PHASE_STRIP = NO;
				DEBUG_INFORMATION_FORMAT = dwarf;
				ENABLE_STRICT_OBJC_MSGSEND = YES;
				ENABLE_TESTABILITY = YES;
				GCC_C_LANGUAGE_STANDARD = gnu11;
				GCC_DYNAMIC_NO_PIC = NO;
				GCC_NO_COMMON_BLOCKS = YES;
				GCC_OPTIMIZATION_LEVEL = 0;
				GCC_PREPROCESSOR_DEFINITIONS = (
					"DEBUG=1",
					"$(inherited)",
				);
				GCC_WARN_64_TO_32_BIT_CONVERSION = YES;
				GCC_WARN_ABOUT_RETURN_TYPE = YES_ERROR;
				GCC_WARN_UNDECLARED_SELECTOR = YES;
				GCC_WARN_UNINITIALIZED_AUTOS = YES_AGGRESSIVE;
				GCC_WARN_UNUSED_FUNCTION = YES;
				GCC_WARN_UNUSED_VARIABLE = YES;
				IPHONEOS_DEPLOYMENT_TARGET = 16.1;
				MTL_ENABLE_DEBUG_INFO = INCLUDE_SOURCE;
				MTL_FAST_MATH = YES;
				ONLY_ACTIVE_ARCH = YES;
				SDKROOT = iphoneos;
				SWIFT_ACTIVE_COMPILATION_CONDITIONS = DEBUG;
				SWIFT_OPTIMIZATION_LEVEL = "-Onone";
			};
			name = Debug;
		};
		12665A372922727B00F6DA14 /* Release */ = {
			isa = XCBuildConfiguration;
			buildSettings = {
				ALWAYS_SEARCH_USER_PATHS = NO;
				CLANG_ANALYZER_NONNULL = YES;
				CLANG_ANALYZER_NUMBER_OBJECT_CONVERSION = YES_AGGRESSIVE;
				CLANG_CXX_LANGUAGE_STANDARD = "gnu++20";
				CLANG_ENABLE_MODULES = YES;
				CLANG_ENABLE_OBJC_ARC = YES;
				CLANG_ENABLE_OBJC_WEAK = YES;
				CLANG_WARN_BLOCK_CAPTURE_AUTORELEASING = YES;
				CLANG_WARN_BOOL_CONVERSION = YES;
				CLANG_WARN_COMMA = YES;
				CLANG_WARN_CONSTANT_CONVERSION = YES;
				CLANG_WARN_DEPRECATED_OBJC_IMPLEMENTATIONS = YES;
				CLANG_WARN_DIRECT_OBJC_ISA_USAGE = YES_ERROR;
				CLANG_WARN_DOCUMENTATION_COMMENTS = YES;
				CLANG_WARN_EMPTY_BODY = YES;
				CLANG_WARN_ENUM_CONVERSION = YES;
				CLANG_WARN_INFINITE_RECURSION = YES;
				CLANG_WARN_INT_CONVERSION = YES;
				CLANG_WARN_NON_LITERAL_NULL_CONVERSION = YES;
				CLANG_WARN_OBJC_IMPLICIT_RETAIN_SELF = YES;
				CLANG_WARN_OBJC_LITERAL_CONVERSION = YES;
				CLANG_WARN_OBJC_ROOT_CLASS = YES_ERROR;
				CLANG_WARN_QUOTED_INCLUDE_IN_FRAMEWORK_HEADER = YES;
				CLANG_WARN_RANGE_LOOP_ANALYSIS = YES;
				CLANG_WARN_STRICT_PROTOTYPES = YES;
				CLANG_WARN_SUSPICIOUS_MOVE = YES;
				CLANG_WARN_UNGUARDED_AVAILABILITY = YES_AGGRESSIVE;
				CLANG_WARN_UNREACHABLE_CODE = YES;
				CLANG_WARN__DUPLICATE_METHOD_MATCH = YES;
				COPY_PHASE_STRIP = NO;
				DEBUG_INFORMATION_FORMAT = "dwarf-with-dsym";
				ENABLE_NS_ASSERTIONS = NO;
				ENABLE_STRICT_OBJC_MSGSEND = YES;
				GCC_C_LANGUAGE_STANDARD = gnu11;
				GCC_NO_COMMON_BLOCKS = YES;
				GCC_WARN_64_TO_32_BIT_CONVERSION = YES;
				GCC_WARN_ABOUT_RETURN_TYPE = YES_ERROR;
				GCC_WARN_UNDECLARED_SELECTOR = YES;
				GCC_WARN_UNINITIALIZED_AUTOS = YES_AGGRESSIVE;
				GCC_WARN_UNUSED_FUNCTION = YES;
				GCC_WARN_UNUSED_VARIABLE = YES;
				IPHONEOS_DEPLOYMENT_TARGET = 16.1;
				MTL_ENABLE_DEBUG_INFO = NO;
				MTL_FAST_MATH = YES;
				SDKROOT = iphoneos;
				SWIFT_COMPILATION_MODE = wholemodule;
				SWIFT_OPTIMIZATION_LEVEL = "-O";
				VALIDATE_PRODUCT = YES;
			};
			name = Release;
		};
		12665A392922727B00F6DA14 /* Debug */ = {
			isa = XCBuildConfiguration;
			buildSettings = {
				ASSETCATALOG_COMPILER_APPICON_NAME = AppIcon;
				ASSETCATALOG_COMPILER_GLOBAL_ACCENT_COLOR_NAME = AccentColor;
				CODE_SIGN_STYLE = Automatic;
				CURRENT_PROJECT_VERSION = 1;
				DEVELOPMENT_TEAM = RPQ3VF2JBZ;
				GENERATE_INFOPLIST_FILE = YES;
				INFOPLIST_FILE = Second/Info.plist;
				INFOPLIST_KEY_UIApplicationSupportsIndirectInputEvents = YES;
				INFOPLIST_KEY_UILaunchStoryboardName = LaunchScreen;
				INFOPLIST_KEY_UIMainStoryboardFile = Main;
				INFOPLIST_KEY_UISupportedInterfaceOrientations_iPad = "UIInterfaceOrientationPortrait UIInterfaceOrientationPortraitUpsideDown UIInterfaceOrientationLandscapeLeft UIInterfaceOrientationLandscapeRight";
				INFOPLIST_KEY_UISupportedInterfaceOrientations_iPhone = "UIInterfaceOrientationPortrait UIInterfaceOrientationLandscapeLeft UIInterfaceOrientationLandscapeRight";
				LD_RUNPATH_SEARCH_PATHS = (
					"$(inherited)",
					"@executable_path/Frameworks",
				);
				MARKETING_VERSION = 1.0;
				PRODUCT_BUNDLE_IDENTIFIER = com.mfsaglam.Second;
				PRODUCT_NAME = "$(TARGET_NAME)";
				SWIFT_EMIT_LOC_STRINGS = YES;
				SWIFT_VERSION = 5.0;
				TARGETED_DEVICE_FAMILY = "1,2";
			};
			name = Debug;
		};
		12665A3A2922727B00F6DA14 /* Release */ = {
			isa = XCBuildConfiguration;
			buildSettings = {
				ASSETCATALOG_COMPILER_APPICON_NAME = AppIcon;
				ASSETCATALOG_COMPILER_GLOBAL_ACCENT_COLOR_NAME = AccentColor;
				CODE_SIGN_STYLE = Automatic;
				CURRENT_PROJECT_VERSION = 1;
				DEVELOPMENT_TEAM = RPQ3VF2JBZ;
				GENERATE_INFOPLIST_FILE = YES;
				INFOPLIST_FILE = Second/Info.plist;
				INFOPLIST_KEY_UIApplicationSupportsIndirectInputEvents = YES;
				INFOPLIST_KEY_UILaunchStoryboardName = LaunchScreen;
				INFOPLIST_KEY_UIMainStoryboardFile = Main;
				INFOPLIST_KEY_UISupportedInterfaceOrientations_iPad = "UIInterfaceOrientationPortrait UIInterfaceOrientationPortraitUpsideDown UIInterfaceOrientationLandscapeLeft UIInterfaceOrientationLandscapeRight";
				INFOPLIST_KEY_UISupportedInterfaceOrientations_iPhone = "UIInterfaceOrientationPortrait UIInterfaceOrientationLandscapeLeft UIInterfaceOrientationLandscapeRight";
				LD_RUNPATH_SEARCH_PATHS = (
					"$(inherited)",
					"@executable_path/Frameworks",
				);
				MARKETING_VERSION = 1.0;
				PRODUCT_BUNDLE_IDENTIFIER = com.mfsaglam.Second;
				PRODUCT_NAME = "$(TARGET_NAME)";
				SWIFT_EMIT_LOC_STRINGS = YES;
				SWIFT_VERSION = 5.0;
				TARGETED_DEVICE_FAMILY = "1,2";
			};
			name = Release;
		};
		12665A3C2922727B00F6DA14 /* Debug */ = {
			isa = XCBuildConfiguration;
			buildSettings = {
				ALWAYS_EMBED_SWIFT_STANDARD_LIBRARIES = YES;
				BUNDLE_LOADER = "$(TEST_HOST)";
				CODE_SIGN_STYLE = Automatic;
				CURRENT_PROJECT_VERSION = 1;
				DEVELOPMENT_TEAM = RPQ3VF2JBZ;
				GENERATE_INFOPLIST_FILE = YES;
				IPHONEOS_DEPLOYMENT_TARGET = 16.1;
				MARKETING_VERSION = 1.0;
				PRODUCT_BUNDLE_IDENTIFIER = com.mfsaglam.SecondTests;
				PRODUCT_NAME = "$(TARGET_NAME)";
				SWIFT_EMIT_LOC_STRINGS = NO;
				SWIFT_VERSION = 5.0;
				TARGETED_DEVICE_FAMILY = "1,2";
				TEST_HOST = "$(BUILT_PRODUCTS_DIR)/Second.app/$(BUNDLE_EXECUTABLE_FOLDER_PATH)/Second";
			};
			name = Debug;
		};
		12665A3D2922727B00F6DA14 /* Release */ = {
			isa = XCBuildConfiguration;
			buildSettings = {
				ALWAYS_EMBED_SWIFT_STANDARD_LIBRARIES = YES;
				BUNDLE_LOADER = "$(TEST_HOST)";
				CODE_SIGN_STYLE = Automatic;
				CURRENT_PROJECT_VERSION = 1;
				DEVELOPMENT_TEAM = RPQ3VF2JBZ;
				GENERATE_INFOPLIST_FILE = YES;
				IPHONEOS_DEPLOYMENT_TARGET = 16.1;
				MARKETING_VERSION = 1.0;
				PRODUCT_BUNDLE_IDENTIFIER = com.mfsaglam.SecondTests;
				PRODUCT_NAME = "$(TARGET_NAME)";
				SWIFT_EMIT_LOC_STRINGS = NO;
				SWIFT_VERSION = 5.0;
				TARGETED_DEVICE_FAMILY = "1,2";
				TEST_HOST = "$(BUILT_PRODUCTS_DIR)/Second.app/$(BUNDLE_EXECUTABLE_FOLDER_PATH)/Second";
			};
			name = Release;
		};
		12665A3F2922727B00F6DA14 /* Debug */ = {
			isa = XCBuildConfiguration;
			buildSettings = {
				ALWAYS_EMBED_SWIFT_STANDARD_LIBRARIES = YES;
				CODE_SIGN_STYLE = Automatic;
				CURRENT_PROJECT_VERSION = 1;
				DEVELOPMENT_TEAM = RPQ3VF2JBZ;
				GENERATE_INFOPLIST_FILE = YES;
				MARKETING_VERSION = 1.0;
				PRODUCT_BUNDLE_IDENTIFIER = com.mfsaglam.SecondUITests;
				PRODUCT_NAME = "$(TARGET_NAME)";
				SWIFT_EMIT_LOC_STRINGS = NO;
				SWIFT_VERSION = 5.0;
				TARGETED_DEVICE_FAMILY = "1,2";
				TEST_TARGET_NAME = Second;
			};
			name = Debug;
		};
		12665A402922727B00F6DA14 /* Release */ = {
			isa = XCBuildConfiguration;
			buildSettings = {
				ALWAYS_EMBED_SWIFT_STANDARD_LIBRARIES = YES;
				CODE_SIGN_STYLE = Automatic;
				CURRENT_PROJECT_VERSION = 1;
				DEVELOPMENT_TEAM = RPQ3VF2JBZ;
				GENERATE_INFOPLIST_FILE = YES;
				MARKETING_VERSION = 1.0;
				PRODUCT_BUNDLE_IDENTIFIER = com.mfsaglam.SecondUITests;
				PRODUCT_NAME = "$(TARGET_NAME)";
				SWIFT_EMIT_LOC_STRINGS = NO;
				SWIFT_VERSION = 5.0;
				TARGETED_DEVICE_FAMILY = "1,2";
				TEST_TARGET_NAME = Second;
			};
			name = Release;
		};
/* End XCBuildConfiguration section */

/* Begin XCConfigurationList section */
		12665A092922727A00F6DA14 /* Build configuration list for PBXProject "Second" */ = {
			isa = XCConfigurationList;
			buildConfigurations = (
				12665A362922727B00F6DA14 /* Debug */,
				12665A372922727B00F6DA14 /* Release */,
			);
			defaultConfigurationIsVisible = 0;
			defaultConfigurationName = Release;
		};
		12665A382922727B00F6DA14 /* Build configuration list for PBXNativeTarget "Second" */ = {
			isa = XCConfigurationList;
			buildConfigurations = (
				12665A392922727B00F6DA14 /* Debug */,
				12665A3A2922727B00F6DA14 /* Release */,
			);
			defaultConfigurationIsVisible = 0;
			defaultConfigurationName = Release;
		};
		12665A3B2922727B00F6DA14 /* Build configuration list for PBXNativeTarget "SecondTests" */ = {
			isa = XCConfigurationList;
			buildConfigurations = (
				12665A3C2922727B00F6DA14 /* Debug */,
				12665A3D2922727B00F6DA14 /* Release */,
			);
			defaultConfigurationIsVisible = 0;
			defaultConfigurationName = Release;
		};
		12665A3E2922727B00F6DA14 /* Build configuration list for PBXNativeTarget "SecondUITests" */ = {
			isa = XCConfigurationList;
			buildConfigurations = (
				12665A3F2922727B00F6DA14 /* Debug */,
				12665A402922727B00F6DA14 /* Release */,
			);
			defaultConfigurationIsVisible = 0;
			defaultConfigurationName = Release;
		};
/* End XCConfigurationList section */
	};
	rootObject = 12665A062922727A00F6DA14 /* Project object */;
}
